<Solution>
  <Folder Name="/src/">
    <Project Path="src/Microsoft.AspNetCore.Grpc.Swagger/Microsoft.AspNetCore.Grpc.Swagger.csproj" />
    <Project Path="src/Shared/Shared.shproj" Id="52de58bf-dc0d-4de0-926f-3296d85e8567" />
  </Folder>
  <Folder Name="/test/">
    <Project Path="test/Microsoft.AspNetCore.Grpc.Swagger.Tests/Microsoft.AspNetCore.Grpc.Swagger.Tests.csproj" />
  </Folder>
</Solution>
